
Microsoft Visual Studio Solution File, Format Version 12.00
# Visual Studio Version 17
VisualStudioVersion = 17.5.33530.505
MinimumVisualStudioVersion = 10.0.40219.1
Project("{9A19103F-16F7-4668-BE54-9A1E7A4F7556}") = "TurboAz", "TurboAz.csproj", "{FACAD3FF-D386-495B-A432-04F6CBA9C55E}"
EndProject
Global
	GlobalSection(SolutionConfigurationPlatforms) = preSolution
		Debug|Any CPU = Debug|Any CPU
		Release|Any CPU = Release|Any CPU
	EndGlobalSection
	GlobalSection(ProjectConfigurationPlatforms) = postSolution
		{FACAD3FF-D386-495B-A432-04F6CBA9C55E}.Debug|Any CPU.ActiveCfg = Debug|Any CPU
		{FACAD3FF-D386-495B-A432-04F6CBA9C55E}.Debug|Any CPU.Build.0 = Debug|Any CPU
		{FACAD3FF-D386-495B-A432-04F6CBA9C55E}.Release|Any CPU.ActiveCfg = Release|Any CPU
		{FACAD3FF-D386-495B-A432-04F6CBA9C55E}.Release|Any CPU.Build.0 = Release|Any CPU
	EndGlobalSection
	GlobalSection(SolutionProperties) = preSolution
		HideSolutionNode = FALSE
	EndGlobalSection
	GlobalSection(ExtensibilityGlobals) = postSolution
		SolutionGuid = {465BF226-7990-474E-8330-0EA6BC1EAD81}
	EndGlobalSection
EndGlobal
